
Microsoft Visual Studio Solution File, Format Version 12.00
# Visual Studio Version 16
VisualStudioVersion = 16.0.31702.278
MinimumVisualStudioVersion = 10.0.40219.1
Project("{FAE04EC0-301F-11D3-BF4B-00C04F79EFBC}") = "CalculatorApp", "CalculatorApp\CalculatorApp.csproj", "{1028A5A3-2B95-44AD-99B9-03C7D121F06E}"
EndProject
Global
	GlobalSection(SolutionConfigurationPlatforms) = preSolution
		Debug|Any CPU = Debug|Any CPU
		Release|Any CPU = Release|Any CPU
	EndGlobalSection
	GlobalSection(ProjectConfigurationPlatforms) = postSolution
		{1028A5A3-2B95-44AD-99B9-03C7D121F06E}.Debug|Any CPU.ActiveCfg = Debug|Any CPU
		{1028A5A3-2B95-44AD-99B9-03C7D121F06E}.Debug|Any CPU.Build.0 = Debug|Any CPU
		{1028A5A3-2B95-44AD-99B9-03C7D121F06E}.Debug|Any CPU.Deploy.0 = Debug|Any CPU
		{1028A5A3-2B95-44AD-99B9-03C7D121F06E}.Release|Any CPU.ActiveCfg = Release|Any CPU
		{1028A5A3-2B95-44AD-99B9-03C7D121F06E}.Release|Any CPU.Build.0 = Release|Any CPU
		{1028A5A3-2B95-44AD-99B9-03C7D121F06E}.Release|Any CPU.Deploy.0 = Release|Any CPU
	EndGlobalSection
	GlobalSection(SolutionProperties) = preSolution
		HideSolutionNode = FALSE
	EndGlobalSection
	GlobalSection(ExtensibilityGlobals) = postSolution
		SolutionGuid = {E92BCC44-BC46-439B-88D7-0C1727E2063E}
	EndGlobalSection
EndGlobal
